
Microsoft Visual Studio Solution File, Format Version 12.00
# Visual Studio 15
VisualStudioVersion = 15.0.28307.779
MinimumVisualStudioVersion = 10.0.40219.1
Project("{FAE04EC0-301F-11D3-BF4B-00C04F79EFBC}") = "SkyEstates", "SkyEstates\SkyEstates.csproj", "{67CABD06-F452-44EF-8CC5-ED7BCAF4FF67}"
EndProject
Global
	GlobalSection(SolutionConfigurationPlatforms) = preSolution
		Debug|Any CPU = Debug|Any CPU
		Release|Any CPU = Release|Any CPU
	EndGlobalSection
	GlobalSection(ProjectConfigurationPlatforms) = postSolution
		{67CABD06-F452-44EF-8CC5-ED7BCAF4FF67}.Debug|Any CPU.ActiveCfg = Debug|Any CPU
		{67CABD06-F452-44EF-8CC5-ED7BCAF4FF67}.Debug|Any CPU.Build.0 = Debug|Any CPU
		{67CABD06-F452-44EF-8CC5-ED7BCAF4FF67}.Release|Any CPU.ActiveCfg = Release|Any CPU
		{67CABD06-F452-44EF-8CC5-ED7BCAF4FF67}.Release|Any CPU.Build.0 = Release|Any CPU
	EndGlobalSection
	GlobalSection(SolutionProperties) = preSolution
		HideSolutionNode = FALSE
	EndGlobalSection
	GlobalSection(ExtensibilityGlobals) = postSolution
		SolutionGuid = {4583AAF8-79B3-4D9E-B8F5-9855B27B9BD5}
	EndGlobalSection
EndGlobal
